{
  "name": "@audio/loudness",
  "version": "1.1.0",
  "lockfileVersion": 3,
  "requires": true,
  "packages": {
    "": {
      "name": "@audio/loudness",
      "version": "1.1.0",
      "license": "MIT",
      "workspaces": [
        "packages/*"
      ],
      "dependencies": {
        "@audio/loudness-contrast": "^1.0.0",
        "@audio/loudness-dr": "^1.0.0",
        "@audio/loudness-lra": "^1.0.0",
        "@audio/loudness-lufs": "^1.0.0",
        "@audio/loudness-replaygain": "^1.0.0",
        "@audio/loudness-sounds": "^1.0.0",
        "@audio/loudness-truepeak": "^1.0.0"
      },
      "devDependencies": {
        "tst": "^9.4.0"
      },
      "engines": {
        "node": ">=18"
      }
    },
    "node_modules/@audio/loudness-contrast": {
      "resolved": "packages/loudness-contrast",
      "link": true
    },
    "node_modules/@audio/loudness-dr": {
      "resolved": "packages/loudness-dr",
      "link": true
    },
    "node_modules/@audio/loudness-lra": {
      "resolved": "packages/loudness-lra",
      "link": true
    },
    "node_modules/@audio/loudness-lufs": {
      "resolved": "packages/loudness-lufs",
      "link": true
    },
    "node_modules/@audio/loudness-replaygain": {
      "resolved": "packages/loudness-replaygain",
      "link": true
    },
    "node_modules/@audio/loudness-sounds": {
      "resolved": "packages/loudness-sounds",
      "link": true
    },
    "node_modules/@audio/loudness-truepeak": {
      "resolved": "packages/loudness-truepeak",
      "link": true
    },
    "node_modules/@audio/resample-sinc": {
      "version": "1.0.0",
      "resolved": "https://registry.npmjs.org/@audio/resample-sinc/-/resample-sinc-1.0.0.tgz",
      "integrity": "sha512-cQfLQYUpWmWqn/Wpy5e0ABhffJsxK99+MX9ckmJIUj2F9bhV1wQbcNKXWK5G+Kq7fUfHBOAlRrBgEq6U/Jhhxw==",
      "license": "MIT",
      "engines": {
        "node": ">=18"
      }
    },
    "node_modules/@audio/weighting-k": {
      "version": "1.0.0",
      "resolved": "https://registry.npmjs.org/@audio/weighting-k/-/weighting-k-1.0.0.tgz",
      "integrity": "sha512-/28jsJGHIYAzE3W9+xYO5uPKgLWHxFwaPcUjOqPZT6vsoJH2TcNDZyJi36SqYMaue/TmMVbl2gs+kdJnpf5FLw==",
      "license": "MIT",
      "dependencies": {
        "digital-filter": "^2.0.0"
      },
      "engines": {
        "node": ">=18"
      }
    },
    "node_modules/digital-filter": {
      "version": "2.3.1",
      "resolved": "https://registry.npmjs.org/digital-filter/-/digital-filter-2.3.1.tgz",
      "integrity": "sha512-KzcWuhDLTt2lKFF4KZCrHSPOqHBTH+CxZwWDO0coqNTKiYyxgIwoTAuIQj1F8nFgwnCKomgwOXU62YCfsYVshg==",
      "license": "MIT",
      "engines": {
        "node": ">=18"
      }
    },
    "node_modules/tst": {
      "version": "9.4.0",
      "resolved": "https://registry.npmjs.org/tst/-/tst-9.4.0.tgz",
      "integrity": "sha512-LFC1yasMqhvL9hBJdA07nozlfS1RGy/7uiBCwRZcQH9zB4+n7XpxwYszzK//WQ2JVOLAUgU3d8ABEcrFLZE0vg==",
      "dev": true,
      "license": "MIT"
    },
    "packages/loudness-contrast": {
      "name": "@audio/loudness-contrast",
      "version": "1.0.2",
      "license": "MIT",
      "engines": {
        "node": ">=18"
      }
    },
    "packages/loudness-dr": {
      "name": "@audio/loudness-dr",
      "version": "1.1.2",
      "license": "MIT",
      "engines": {
        "node": ">=18"
      }
    },
    "packages/loudness-lra": {
      "name": "@audio/loudness-lra",
      "version": "1.1.2",
      "license": "MIT",
      "dependencies": {
        "@audio/weighting-k": "^1.0.0"
      },
      "engines": {
        "node": ">=18"
      }
    },
    "packages/loudness-lufs": {
      "name": "@audio/loudness-lufs",
      "version": "1.0.1",
      "license": "MIT",
      "dependencies": {
        "@audio/weighting-k": "^1.0.0"
      },
      "engines": {
        "node": ">=18"
      }
    },
    "packages/loudness-replaygain": {
      "name": "@audio/loudness-replaygain",
      "version": "1.1.2",
      "license": "MIT",
      "dependencies": {
        "@audio/loudness-lufs": "^1.0.0"
      },
      "engines": {
        "node": ">=18"
      }
    },
    "packages/loudness-sounds": {
      "name": "@audio/loudness-sounds",
      "version": "1.0.1",
      "license": "MIT",
      "engines": {
        "node": ">=18"
      }
    },
    "packages/loudness-truepeak": {
      "name": "@audio/loudness-truepeak",
      "version": "1.1.2",
      "license": "MIT",
      "dependencies": {
        "@audio/resample-sinc": "^1.0.0"
      },
      "engines": {
        "node": ">=18"
      }
    }
  }
}
