{
  "name": "@audio/loudness",
  "version": "1.0.0",
  "lockfileVersion": 3,
  "requires": true,
  "packages": {
    "": {
      "name": "@audio/loudness",
      "version": "1.0.0",
      "license": "MIT",
      "workspaces": [
        "packages/*"
      ],
      "dependencies": {
        "@audio/loudness-dr": "^1.0.0",
        "@audio/loudness-lra": "^1.0.0",
        "@audio/loudness-lufs": "^1.0.0",
        "@audio/loudness-replaygain": "^1.0.0",
        "@audio/loudness-truepeak": "^1.0.0"
      },
      "devDependencies": {
        "tst": "^9.4.0"
      },
      "engines": {
        "node": ">=18"
      }
    },
    "../resample/packages/resample-sinc": {
      "name": "@audio/resample-sinc",
      "version": "1.0.0",
      "license": "MIT",
      "engines": {
        "node": ">=18"
      }
    },
    "../weighting/packages/weighting-k": {
      "name": "@audio/weighting-k",
      "version": "1.0.0",
      "license": "MIT",
      "dependencies": {
        "digital-filter": "^2.0.0"
      },
      "engines": {
        "node": ">=18"
      }
    },
    "node_modules/@audio/loudness-dr": {
      "resolved": "packages/loudness-dr",
      "link": true
    },
    "node_modules/@audio/loudness-lra": {
      "resolved": "packages/loudness-lra",
      "link": true
    },
    "node_modules/@audio/loudness-lufs": {
      "resolved": "packages/loudness-lufs",
      "link": true
    },
    "node_modules/@audio/loudness-replaygain": {
      "resolved": "packages/loudness-replaygain",
      "link": true
    },
    "node_modules/@audio/loudness-truepeak": {
      "resolved": "packages/loudness-truepeak",
      "link": true
    },
    "node_modules/@audio/resample-sinc": {
      "resolved": "../resample/packages/resample-sinc",
      "link": true
    },
    "node_modules/@audio/weighting-k": {
      "resolved": "../weighting/packages/weighting-k",
      "link": true
    },
    "node_modules/tst": {
      "version": "9.4.0",
      "resolved": "https://registry.npmjs.org/tst/-/tst-9.4.0.tgz",
      "integrity": "sha512-LFC1yasMqhvL9hBJdA07nozlfS1RGy/7uiBCwRZcQH9zB4+n7XpxwYszzK//WQ2JVOLAUgU3d8ABEcrFLZE0vg==",
      "dev": true,
      "license": "MIT"
    },
    "packages/loudness-dr": {
      "name": "@audio/loudness-dr",
      "version": "1.0.0",
      "license": "MIT",
      "engines": {
        "node": ">=18"
      }
    },
    "packages/loudness-lra": {
      "name": "@audio/loudness-lra",
      "version": "1.0.0",
      "license": "MIT",
      "dependencies": {
        "@audio/weighting-k": "file:../../../weighting/packages/weighting-k"
      },
      "engines": {
        "node": ">=18"
      }
    },
    "packages/loudness-lufs": {
      "name": "@audio/loudness-lufs",
      "version": "1.0.0",
      "license": "MIT",
      "dependencies": {
        "@audio/weighting-k": "file:../../../weighting/packages/weighting-k"
      },
      "engines": {
        "node": ">=18"
      }
    },
    "packages/loudness-replaygain": {
      "name": "@audio/loudness-replaygain",
      "version": "1.0.0",
      "license": "MIT",
      "dependencies": {
        "@audio/loudness-lufs": "^1.0.0"
      },
      "engines": {
        "node": ">=18"
      }
    },
    "packages/loudness-truepeak": {
      "name": "@audio/loudness-truepeak",
      "version": "1.0.0",
      "license": "MIT",
      "dependencies": {
        "@audio/resample-sinc": "file:../../../resample/packages/resample-sinc"
      },
      "engines": {
        "node": ">=18"
      }
    }
  }
}
