{
  "name": "@audio/loudness",
  "version": "1.1.1",
  "lockfileVersion": 3,
  "requires": true,
  "packages": {
    "": {
      "name": "@audio/loudness",
      "version": "1.1.1",
      "license": "MIT",
      "workspaces": [
        "packages/*"
      ],
      "dependencies": {
        "@audio/loudness-contrast": "^1.0.0",
        "@audio/loudness-dr": "^1.0.0",
        "@audio/loudness-lra": "^1.0.0",
        "@audio/loudness-lufs": "^1.0.0",
        "@audio/loudness-replaygain": "^1.0.0",
        "@audio/loudness-sounds": "^1.0.0",
        "@audio/loudness-truepeak": "^1.0.0"
      },
      "devDependencies": {
        "tst": "^9.4.0"
      },
      "engines": {
        "node": ">=18"
      },
      "funding": {
        "url": "https://github.com/sponsors/audiojs"
      }
    },
    "node_modules/@audio/biquad": {
      "version": "1.2.0",
      "resolved": "https://registry.npmjs.org/@audio/biquad/-/biquad-1.2.0.tgz",
      "integrity": "sha512-2ya/NSmXFHWvHR9mJhIchO8DT0aCVfaX6cq9rxUp8MHU39ODJdrQ0vpoNZZjnIJQjFZI8s3qzFxD1MDOLWuSyQ==",
      "license": "MIT",
      "engines": {
        "node": ">=18"
      }
    },
    "node_modules/@audio/loudness-contrast": {
      "resolved": "packages/loudness-contrast",
      "link": true
    },
    "node_modules/@audio/loudness-dr": {
      "resolved": "packages/loudness-dr",
      "link": true
    },
    "node_modules/@audio/loudness-lra": {
      "resolved": "packages/loudness-lra",
      "link": true
    },
    "node_modules/@audio/loudness-lufs": {
      "resolved": "packages/loudness-lufs",
      "link": true
    },
    "node_modules/@audio/loudness-replaygain": {
      "resolved": "packages/loudness-replaygain",
      "link": true
    },
    "node_modules/@audio/loudness-sounds": {
      "resolved": "packages/loudness-sounds",
      "link": true
    },
    "node_modules/@audio/loudness-truepeak": {
      "resolved": "packages/loudness-truepeak",
      "link": true
    },
    "node_modules/@audio/resample-sinc": {
      "version": "1.1.1",
      "resolved": "https://registry.npmjs.org/@audio/resample-sinc/-/resample-sinc-1.1.1.tgz",
      "integrity": "sha512-yaeNtuiHa2lhow3N6gLhVjcuT91EoXW3T5kLppNB4qY5MRczcSuBAv+6cSvr+RjRoS9XLZCsbz2JY/TJ+zGJWg==",
      "license": "MIT",
      "engines": {
        "node": ">=18"
      }
    },
    "node_modules/@audio/weighting-k": {
      "version": "1.1.1",
      "resolved": "https://registry.npmjs.org/@audio/weighting-k/-/weighting-k-1.1.1.tgz",
      "integrity": "sha512-tZB7d2jpEnJMWUq5e2Q3xbN9udtLAb1IlsuRa0bIG8RP9ek0K2ZxJN0PDDMBEd84Lwc4km1LZ7FYzP7ZCFidWg==",
      "license": "MIT",
      "dependencies": {
        "@audio/biquad": "^1.1.0"
      },
      "engines": {
        "node": ">=18"
      }
    },
    "node_modules/tst": {
      "version": "9.4.0",
      "resolved": "https://registry.npmjs.org/tst/-/tst-9.4.0.tgz",
      "integrity": "sha512-LFC1yasMqhvL9hBJdA07nozlfS1RGy/7uiBCwRZcQH9zB4+n7XpxwYszzK//WQ2JVOLAUgU3d8ABEcrFLZE0vg==",
      "dev": true,
      "license": "MIT"
    },
    "packages/loudness-contrast": {
      "name": "@audio/loudness-contrast",
      "version": "1.0.3",
      "license": "MIT",
      "engines": {
        "node": ">=18"
      },
      "funding": {
        "url": "https://github.com/sponsors/audiojs"
      }
    },
    "packages/loudness-dr": {
      "name": "@audio/loudness-dr",
      "version": "1.1.3",
      "license": "MIT",
      "engines": {
        "node": ">=18"
      },
      "funding": {
        "url": "https://github.com/sponsors/audiojs"
      }
    },
    "packages/loudness-lra": {
      "name": "@audio/loudness-lra",
      "version": "1.1.3",
      "license": "MIT",
      "dependencies": {
        "@audio/weighting-k": "^1.0.0"
      },
      "engines": {
        "node": ">=18"
      },
      "funding": {
        "url": "https://github.com/sponsors/audiojs"
      }
    },
    "packages/loudness-lufs": {
      "name": "@audio/loudness-lufs",
      "version": "1.0.2",
      "license": "MIT",
      "dependencies": {
        "@audio/weighting-k": "^1.0.0"
      },
      "engines": {
        "node": ">=18"
      },
      "funding": {
        "url": "https://github.com/sponsors/audiojs"
      }
    },
    "packages/loudness-replaygain": {
      "name": "@audio/loudness-replaygain",
      "version": "1.1.3",
      "license": "MIT",
      "dependencies": {
        "@audio/loudness-lufs": "^1.0.0"
      },
      "engines": {
        "node": ">=18"
      },
      "funding": {
        "url": "https://github.com/sponsors/audiojs"
      }
    },
    "packages/loudness-sounds": {
      "name": "@audio/loudness-sounds",
      "version": "1.0.2",
      "license": "MIT",
      "engines": {
        "node": ">=18"
      },
      "funding": {
        "url": "https://github.com/sponsors/audiojs"
      }
    },
    "packages/loudness-truepeak": {
      "name": "@audio/loudness-truepeak",
      "version": "1.1.3",
      "license": "MIT",
      "dependencies": {
        "@audio/resample-sinc": "^1.0.0"
      },
      "engines": {
        "node": ">=18"
      },
      "funding": {
        "url": "https://github.com/sponsors/audiojs"
      }
    }
  }
}
